
Microsoft Visual Studio Solution File, Format Version 12.00
# Visual Studio 14
VisualStudioVersion = 14.0.25123.0
MinimumVisualStudioVersion = 10.0.40219.1
Project("{FAE04EC0-301F-11D3-BF4B-00C04F79EFBC}") = "QuickSort", "QuickSort\QuickSort.csproj", "{7D197BAF-F541-4CA6-A246-3E75BA0627FF}"
EndProject
Global
	GlobalSection(SolutionConfigurationPlatforms) = preSolution
		Debug|Any CPU = Debug|Any CPU
		Release|Any CPU = Release|Any CPU
	EndGlobalSection
	GlobalSection(ProjectConfigurationPlatforms) = postSolution
		{7D197BAF-F541-4CA6-A246-3E75BA0627FF}.Debug|Any CPU.ActiveCfg = Debug|Any CPU
		{7D197BAF-F541-4CA6-A246-3E75BA0627FF}.Debug|Any CPU.Build.0 = Debug|Any CPU
		{7D197BAF-F541-4CA6-A246-3E75BA0627FF}.Release|Any CPU.ActiveCfg = Release|Any CPU
		{7D197BAF-F541-4CA6-A246-3E75BA0627FF}.Release|Any CPU.Build.0 = Release|Any CPU
	EndGlobalSection
	GlobalSection(SolutionProperties) = preSolution
		HideSolutionNode = FALSE
	EndGlobalSection
EndGlobal
